
Microsoft Visual Studio Solution File, Format Version 12.00
# Visual Studio 15
VisualStudioVersion = 15.0.27705.2000
MinimumVisualStudioVersion = 10.0.40219.1
Project("{FAE04EC0-301F-11D3-BF4B-00C04F79EFBC}") = "NSwag.InterfaceGenerator", "NSwag.InterfaceGenerator\NSwag.InterfaceGenerator.csproj", "{AC952392-F647-4733-82A4-59EC4E45AE28}"
EndProject
Project("{9A19103F-16F7-4668-BE54-9A1E7A4F7556}") = "Proxier", "..\Proxier\Proxier\Proxier.csproj", "{83303BF6-76A9-40C7-9E9B-12016FD646EB}"
EndProject
Global
	GlobalSection(SolutionConfigurationPlatforms) = preSolution
		Debug|Any CPU = Debug|Any CPU
		Release|Any CPU = Release|Any CPU
	EndGlobalSection
	GlobalSection(ProjectConfigurationPlatforms) = postSolution
		{AC952392-F647-4733-82A4-59EC4E45AE28}.Debug|Any CPU.ActiveCfg = Debug|Any CPU
		{AC952392-F647-4733-82A4-59EC4E45AE28}.Debug|Any CPU.Build.0 = Debug|Any CPU
		{AC952392-F647-4733-82A4-59EC4E45AE28}.Release|Any CPU.ActiveCfg = Release|Any CPU
		{AC952392-F647-4733-82A4-59EC4E45AE28}.Release|Any CPU.Build.0 = Release|Any CPU
		{83303BF6-76A9-40C7-9E9B-12016FD646EB}.Debug|Any CPU.ActiveCfg = Debug|Any CPU
		{83303BF6-76A9-40C7-9E9B-12016FD646EB}.Debug|Any CPU.Build.0 = Debug|Any CPU
		{83303BF6-76A9-40C7-9E9B-12016FD646EB}.Release|Any CPU.ActiveCfg = Release|Any CPU
		{83303BF6-76A9-40C7-9E9B-12016FD646EB}.Release|Any CPU.Build.0 = Release|Any CPU
	EndGlobalSection
	GlobalSection(SolutionProperties) = preSolution
		HideSolutionNode = FALSE
	EndGlobalSection
	GlobalSection(ExtensibilityGlobals) = postSolution
		SolutionGuid = {511E808A-9A54-4F2A-BA52-21BBEBCDED8D}
	EndGlobalSection
EndGlobal
